
Microsoft Visual Studio Solution File, Format Version 12.00
# Visual Studio Version 16
VisualStudioVersion = 16.0.31911.196
MinimumVisualStudioVersion = 10.0.40219.1
Project("{00D1A9C2-B5F0-4AF3-8072-F6C62B433612}") = "TimsDinerDB", "TimDinerDB\TimsDinerDB.sqlproj", "{7BC5686F-A171-4477-9F22-B8334F9F99D5}"
EndProject
Project("{9A19103F-16F7-4668-BE54-9A1E7A4F7556}") = "DataLibrary", "DataLibrary\DataLibrary.csproj", "{66663B4B-5709-4BAF-9237-7F2FA7D9EFD1}"
EndProject
Global
	GlobalSection(SolutionConfigurationPlatforms) = preSolution
		Debug|Any CPU = Debug|Any CPU
		Release|Any CPU = Release|Any CPU
	EndGlobalSection
	GlobalSection(ProjectConfigurationPlatforms) = postSolution
		{7BC5686F-A171-4477-9F22-B8334F9F99D5}.Debug|Any CPU.ActiveCfg = Debug|Any CPU
		{7BC5686F-A171-4477-9F22-B8334F9F99D5}.Debug|Any CPU.Build.0 = Debug|Any CPU
		{7BC5686F-A171-4477-9F22-B8334F9F99D5}.Debug|Any CPU.Deploy.0 = Debug|Any CPU
		{7BC5686F-A171-4477-9F22-B8334F9F99D5}.Release|Any CPU.ActiveCfg = Release|Any CPU
		{7BC5686F-A171-4477-9F22-B8334F9F99D5}.Release|Any CPU.Build.0 = Release|Any CPU
		{7BC5686F-A171-4477-9F22-B8334F9F99D5}.Release|Any CPU.Deploy.0 = Release|Any CPU
		{66663B4B-5709-4BAF-9237-7F2FA7D9EFD1}.Debug|Any CPU.ActiveCfg = Debug|Any CPU
		{66663B4B-5709-4BAF-9237-7F2FA7D9EFD1}.Debug|Any CPU.Build.0 = Debug|Any CPU
		{66663B4B-5709-4BAF-9237-7F2FA7D9EFD1}.Release|Any CPU.ActiveCfg = Release|Any CPU
		{66663B4B-5709-4BAF-9237-7F2FA7D9EFD1}.Release|Any CPU.Build.0 = Release|Any CPU
	EndGlobalSection
	GlobalSection(SolutionProperties) = preSolution
		HideSolutionNode = FALSE
	EndGlobalSection
	GlobalSection(ExtensibilityGlobals) = postSolution
		SolutionGuid = {5614E65A-347E-4750-AE62-47FC79B6F655}
	EndGlobalSection
EndGlobal
