
Microsoft Visual Studio Solution File, Format Version 12.00
# Visual Studio Version 17
VisualStudioVersion = 17.2.32505.173
MinimumVisualStudioVersion = 10.0.40219.1
Project("{FAE04EC0-301F-11D3-BF4B-00C04F79EFBC}") = "HttpsTestDocker", "HttpsTestDocker\HttpsTestDocker.csproj", "{FE33E404-BC1A-4208-8D98-97938BD9FD41}"
EndProject
Global
	GlobalSection(SolutionConfigurationPlatforms) = preSolution
		Debug|Any CPU = Debug|Any CPU
		Release|Any CPU = Release|Any CPU
	EndGlobalSection
	GlobalSection(ProjectConfigurationPlatforms) = postSolution
		{FE33E404-BC1A-4208-8D98-97938BD9FD41}.Debug|Any CPU.ActiveCfg = Debug|Any CPU
		{FE33E404-BC1A-4208-8D98-97938BD9FD41}.Debug|Any CPU.Build.0 = Debug|Any CPU
		{FE33E404-BC1A-4208-8D98-97938BD9FD41}.Release|Any CPU.ActiveCfg = Release|Any CPU
		{FE33E404-BC1A-4208-8D98-97938BD9FD41}.Release|Any CPU.Build.0 = Release|Any CPU
	EndGlobalSection
	GlobalSection(SolutionProperties) = preSolution
		HideSolutionNode = FALSE
	EndGlobalSection
	GlobalSection(ExtensibilityGlobals) = postSolution
		SolutionGuid = {101E6D69-7AD4-4921-823B-1DA13FF231D8}
	EndGlobalSection
EndGlobal
