
Microsoft Visual Studio Solution File, Format Version 12.00
# Visual Studio Version 17
VisualStudioVersion = 17.2.32505.173
MinimumVisualStudioVersion = 10.0.40219.1
Project("{FAE04EC0-301F-11D3-BF4B-00C04F79EFBC}") = "TestService", "TestService\TestService.csproj", "{16F1089C-CD89-456D-840A-C94305E8F540}"
EndProject
Project("{FAE04EC0-301F-11D3-BF4B-00C04F79EFBC}") = "RabbitMqSubscriberWorker", "RabbitMqSubscriberWorker\RabbitMqSubscriberWorker.csproj", "{AFAE8A5F-F43B-4073-B426-4A3D3B192F1D}"
EndProject
Global
	GlobalSection(SolutionConfigurationPlatforms) = preSolution
		Debug|Any CPU = Debug|Any CPU
		Release|Any CPU = Release|Any CPU
	EndGlobalSection
	GlobalSection(ProjectConfigurationPlatforms) = postSolution
		{16F1089C-CD89-456D-840A-C94305E8F540}.Debug|Any CPU.ActiveCfg = Debug|Any CPU
		{16F1089C-CD89-456D-840A-C94305E8F540}.Debug|Any CPU.Build.0 = Debug|Any CPU
		{16F1089C-CD89-456D-840A-C94305E8F540}.Release|Any CPU.ActiveCfg = Release|Any CPU
		{16F1089C-CD89-456D-840A-C94305E8F540}.Release|Any CPU.Build.0 = Release|Any CPU
		{AFAE8A5F-F43B-4073-B426-4A3D3B192F1D}.Debug|Any CPU.ActiveCfg = Debug|Any CPU
		{AFAE8A5F-F43B-4073-B426-4A3D3B192F1D}.Debug|Any CPU.Build.0 = Debug|Any CPU
		{AFAE8A5F-F43B-4073-B426-4A3D3B192F1D}.Release|Any CPU.ActiveCfg = Release|Any CPU
		{AFAE8A5F-F43B-4073-B426-4A3D3B192F1D}.Release|Any CPU.Build.0 = Release|Any CPU
	EndGlobalSection
	GlobalSection(SolutionProperties) = preSolution
		HideSolutionNode = FALSE
	EndGlobalSection
	GlobalSection(ExtensibilityGlobals) = postSolution
		SolutionGuid = {409FD32E-6FB8-4E93-A268-BBCE0D6934B1}
	EndGlobalSection
EndGlobal
