
Microsoft Visual Studio Solution File, Format Version 12.00
# Visual Studio Version 17
VisualStudioVersion = 17.2.32505.173
MinimumVisualStudioVersion = 10.0.40219.1
Project("{FAE04EC0-301F-11D3-BF4B-00C04F79EFBC}") = "RabbitMqPublisher", "RabbitMqPublisher\RabbitMqPublisher.csproj", "{3674035A-6303-4F34-BC0A-86555568296E}"
EndProject
Global
	GlobalSection(SolutionConfigurationPlatforms) = preSolution
		Debug|Any CPU = Debug|Any CPU
		Release|Any CPU = Release|Any CPU
	EndGlobalSection
	GlobalSection(ProjectConfigurationPlatforms) = postSolution
		{3674035A-6303-4F34-BC0A-86555568296E}.Debug|Any CPU.ActiveCfg = Debug|Any CPU
		{3674035A-6303-4F34-BC0A-86555568296E}.Debug|Any CPU.Build.0 = Debug|Any CPU
		{3674035A-6303-4F34-BC0A-86555568296E}.Release|Any CPU.ActiveCfg = Release|Any CPU
		{3674035A-6303-4F34-BC0A-86555568296E}.Release|Any CPU.Build.0 = Release|Any CPU
	EndGlobalSection
	GlobalSection(SolutionProperties) = preSolution
		HideSolutionNode = FALSE
	EndGlobalSection
	GlobalSection(ExtensibilityGlobals) = postSolution
		SolutionGuid = {9BA91CFB-AF66-47DC-94AB-E273B63A7FAF}
	EndGlobalSection
EndGlobal
